
Microsoft Visual Studio Solution File, Format Version 12.00
# Visual Studio Version 17
VisualStudioVersion = 17.10.35013.160
MinimumVisualStudioVersion = 10.0.40219.1
Project("{FAE04EC0-301F-11D3-BF4B-00C04F79EFBC}") = "Method2", "260624\Method2.csproj", "{9D9B76B8-CB43-47BD-BC15-9CB9B7FA9C27}"
EndProject
Project("{FAE04EC0-301F-11D3-BF4B-00C04F79EFBC}") = "Method1", "number2\Method1.csproj", "{3C39E107-D58D-41E2-8B87-2FD191755CA3}"
EndProject
Global
	GlobalSection(SolutionConfigurationPlatforms) = preSolution
		Debug|Any CPU = Debug|Any CPU
		Release|Any CPU = Release|Any CPU
	EndGlobalSection
	GlobalSection(ProjectConfigurationPlatforms) = postSolution
		{9D9B76B8-CB43-47BD-BC15-9CB9B7FA9C27}.Debug|Any CPU.ActiveCfg = Debug|Any CPU
		{9D9B76B8-CB43-47BD-BC15-9CB9B7FA9C27}.Debug|Any CPU.Build.0 = Debug|Any CPU
		{9D9B76B8-CB43-47BD-BC15-9CB9B7FA9C27}.Release|Any CPU.ActiveCfg = Release|Any CPU
		{9D9B76B8-CB43-47BD-BC15-9CB9B7FA9C27}.Release|Any CPU.Build.0 = Release|Any CPU
		{3C39E107-D58D-41E2-8B87-2FD191755CA3}.Debug|Any CPU.ActiveCfg = Debug|Any CPU
		{3C39E107-D58D-41E2-8B87-2FD191755CA3}.Debug|Any CPU.Build.0 = Debug|Any CPU
		{3C39E107-D58D-41E2-8B87-2FD191755CA3}.Release|Any CPU.ActiveCfg = Release|Any CPU
		{3C39E107-D58D-41E2-8B87-2FD191755CA3}.Release|Any CPU.Build.0 = Release|Any CPU
	EndGlobalSection
	GlobalSection(SolutionProperties) = preSolution
		HideSolutionNode = FALSE
	EndGlobalSection
	GlobalSection(ExtensibilityGlobals) = postSolution
		SolutionGuid = {09245B4B-3517-49B5-A1FC-C3BB9F61F234}
	EndGlobalSection
EndGlobal
